
Microsoft Visual Studio Solution File, Format Version 12.00
# Visual Studio 14
VisualStudioVersion = 14.0.25420.1
MinimumVisualStudioVersion = 10.0.40219.1
Project("{E24C65DC-7377-472B-9ABA-BC803B73C61A}") = "http://247up-kmregistratie-site", "http://247up-kmregistratie-site", "{73C6CAE7-BB52-4ECC-B8C2-707547F6F1A0}"
	ProjectSection(WebsiteProperties) = preProject
		UseIISExpress = "false"
		TargetFrameworkMoniker = ".NETFramework,Version%3Dv4.0"
		Debug.AspNetCompiler.VirtualPath = "/247up-kmregistratie-site"
		Debug.AspNetCompiler.PhysicalPath = "..\247up-kmregistratie-site\"
		Debug.AspNetCompiler.TargetPath = "PrecompiledWeb\247up-kmregistratie-site\"
		Debug.AspNetCompiler.Updateable = "true"
		Debug.AspNetCompiler.ForceOverwrite = "true"
		Debug.AspNetCompiler.FixedNames = "false"
		Debug.AspNetCompiler.Debug = "True"
		Release.AspNetCompiler.VirtualPath = "/247up-kmregistratie-site"
		Release.AspNetCompiler.PhysicalPath = "..\247up-kmregistratie-site\"
		Release.AspNetCompiler.TargetPath = "PrecompiledWeb\247up-kmregistratie-site\"
		Release.AspNetCompiler.Updateable = "true"
		Release.AspNetCompiler.ForceOverwrite = "true"
		Release.AspNetCompiler.FixedNames = "false"
		Release.AspNetCompiler.Debug = "False"
		SlnRelativePath = "..\247up-kmregistratie-site\"
	EndProjectSection
EndProject
Global
	GlobalSection(SolutionConfigurationPlatforms) = preSolution
		Debug|Any CPU = Debug|Any CPU
	EndGlobalSection
	GlobalSection(ProjectConfigurationPlatforms) = postSolution
		{73C6CAE7-BB52-4ECC-B8C2-707547F6F1A0}.Debug|Any CPU.ActiveCfg = Debug|Any CPU
		{73C6CAE7-BB52-4ECC-B8C2-707547F6F1A0}.Debug|Any CPU.Build.0 = Debug|Any CPU
	EndGlobalSection
	GlobalSection(SolutionProperties) = preSolution
		HideSolutionNode = FALSE
	EndGlobalSection
EndGlobal
